// !$*UTF8*$!
{
	archiveVersion = 1;
	classes = {
	};
	objectVersion = 46;
	objects = {

/* Begin PBXBuildFile section */
		30ADF20919E5139F0077F76A /* UILabel+FSITextFormatted.h in Headers */ = {isa = PBXBuildFile; fileRef = 30ADF20719E5139F0077F76A /* UILabel+FSITextFormatted.h */; };
		30ADF20A19E5139F0077F76A /* UILabel+FSITextFormatted.m in Sources */ = {isa = PBXBuildFile; fileRef = 30ADF20819E5139F0077F76A /* UILabel+FSITextFormatted.m */; };
		E20381DA19E931A9005F536D /* NSString+Levenshtein.h in Headers */ = {isa = PBXBuildFile; fileRef = E20381D819E931A9005F536D /* NSString+Levenshtein.h */; };
		E20381DB19E931A9005F536D /* NSString+Levenshtein.m in Sources */ = {isa = PBXBuildFile; fileRef = E20381D919E931A9005F536D /* NSString+Levenshtein.m */; };
		E21153011AC44F0A00E4CB23 /* UIApplication+FSIExtensions.h in Headers */ = {isa = PBXBuildFile; fileRef = E21152FF1AC44F0A00E4CB23 /* UIApplication+FSIExtensions.h */; };
		E21153021AC44F0A00E4CB23 /* UIApplication+FSIExtensions.m in Sources */ = {isa = PBXBuildFile; fileRef = E21153001AC44F0A00E4CB23 /* UIApplication+FSIExtensions.m */; };
		E21153051AC44FB200E4CB23 /* UIViewController+FSI.h in Headers */ = {isa = PBXBuildFile; fileRef = E21153031AC44FB200E4CB23 /* UIViewController+FSI.h */; };
		E21153061AC44FB200E4CB23 /* UIViewController+FSI.m in Sources */ = {isa = PBXBuildFile; fileRef = E21153041AC44FB200E4CB23 /* UIViewController+FSI.m */; };
		E22771A91AC55E4800A2D8B1 /* osx.h in Headers */ = {isa = PBXBuildFile; fileRef = E22771A81AC55E4800A2D8B1 /* osx.h */; };
		E22771AB1AC55E4800A2D8B1 /* osx.m in Sources */ = {isa = PBXBuildFile; fileRef = E22771AA1AC55E4800A2D8B1 /* osx.m */; };
		E22771BF1AC55E8A00A2D8B1 /* NSArray+FSIExtensions.h in Headers */ = {isa = PBXBuildFile; fileRef = E2FC20041921C4BB00D38AEA /* NSArray+FSIExtensions.h */; };
		E22771C01AC55E8A00A2D8B1 /* NSArray+FSIExtensions.m in Sources */ = {isa = PBXBuildFile; fileRef = E2FC20051921C4BB00D38AEA /* NSArray+FSIExtensions.m */; };
		E22771C11AC55E8A00A2D8B1 /* NSDateFormatter+FSIExtensions.h in Headers */ = {isa = PBXBuildFile; fileRef = E2FC20061921C4BB00D38AEA /* NSDateFormatter+FSIExtensions.h */; };
		E22771C21AC55E8A00A2D8B1 /* NSDateFormatter+FSIExtensions.m in Sources */ = {isa = PBXBuildFile; fileRef = E2FC20071921C4BB00D38AEA /* NSDateFormatter+FSIExtensions.m */; };
		E22771C31AC55E8A00A2D8B1 /* NSFileManager+FSIExtension.h in Headers */ = {isa = PBXBuildFile; fileRef = E228CE4B1A793B570096BEBF /* NSFileManager+FSIExtension.h */; };
		E22771C41AC55E8A00A2D8B1 /* NSFileManager+FSIExtension.m in Sources */ = {isa = PBXBuildFile; fileRef = E228CE4C1A793B570096BEBF /* NSFileManager+FSIExtension.m */; };
		E22771C51AC55E8A00A2D8B1 /* NSNumberFormatter+FSIExtensions.h in Headers */ = {isa = PBXBuildFile; fileRef = E2FC20081921C4BB00D38AEA /* NSNumberFormatter+FSIExtensions.h */; };
		E22771C61AC55E8A00A2D8B1 /* NSNumberFormatter+FSIExtensions.m in Sources */ = {isa = PBXBuildFile; fileRef = E2FC20091921C4BB00D38AEA /* NSNumberFormatter+FSIExtensions.m */; };
		E22771C91AC55E8A00A2D8B1 /* NSString+FSIExtensions.h in Headers */ = {isa = PBXBuildFile; fileRef = E2FC200C1921C4BB00D38AEA /* NSString+FSIExtensions.h */; };
		E22771CA1AC55E8A00A2D8B1 /* NSString+FSIExtensions.m in Sources */ = {isa = PBXBuildFile; fileRef = E2FC200D1921C4BB00D38AEA /* NSString+FSIExtensions.m */; };
		E22771CB1AC55E8A00A2D8B1 /* NSString+Levenshtein.h in Headers */ = {isa = PBXBuildFile; fileRef = E20381D819E931A9005F536D /* NSString+Levenshtein.h */; };
		E22771CC1AC55E8A00A2D8B1 /* NSString+Levenshtein.m in Sources */ = {isa = PBXBuildFile; fileRef = E20381D919E931A9005F536D /* NSString+Levenshtein.m */; };
		E22771CD1AC55E8A00A2D8B1 /* NSUserDefaults+FSIExtension.h in Headers */ = {isa = PBXBuildFile; fileRef = E228CE4D1A793B570096BEBF /* NSUserDefaults+FSIExtension.h */; };
		E22771CE1AC55E8A00A2D8B1 /* NSUserDefaults+FSIExtension.m in Sources */ = {isa = PBXBuildFile; fileRef = E228CE4E1A793B570096BEBF /* NSUserDefaults+FSIExtension.m */; };
		E228CE4F1A793B570096BEBF /* NSFileManager+FSIExtension.h in Headers */ = {isa = PBXBuildFile; fileRef = E228CE4B1A793B570096BEBF /* NSFileManager+FSIExtension.h */; };
		E228CE501A793B570096BEBF /* NSFileManager+FSIExtension.m in Sources */ = {isa = PBXBuildFile; fileRef = E228CE4C1A793B570096BEBF /* NSFileManager+FSIExtension.m */; };
		E228CE511A793B570096BEBF /* NSUserDefaults+FSIExtension.h in Headers */ = {isa = PBXBuildFile; fileRef = E228CE4D1A793B570096BEBF /* NSUserDefaults+FSIExtension.h */; };
		E228CE521A793B570096BEBF /* NSUserDefaults+FSIExtension.m in Sources */ = {isa = PBXBuildFile; fileRef = E228CE4E1A793B570096BEBF /* NSUserDefaults+FSIExtension.m */; };
		E26B99271AC5617D0051FB7D /* FSI.h in Headers */ = {isa = PBXBuildFile; fileRef = E2940CA819220350007B27C9 /* FSI.h */; };
		E26B99281AC5617E0051FB7D /* FSI.h in Headers */ = {isa = PBXBuildFile; fileRef = E2940CA819220350007B27C9 /* FSI.h */; };
		E2C1D7561A3786C200FE8EDB /* UIScreen+FSIExtention.h in Headers */ = {isa = PBXBuildFile; fileRef = E2C1D7541A3786C200FE8EDB /* UIScreen+FSIExtention.h */; };
		E2C1D7571A3786C200FE8EDB /* UIScreen+FSIExtention.m in Sources */ = {isa = PBXBuildFile; fileRef = E2C1D7551A3786C200FE8EDB /* UIScreen+FSIExtention.m */; };
		E2C1D75A1A37879400FE8EDB /* UIDevice+FSIExtension.h in Headers */ = {isa = PBXBuildFile; fileRef = E2C1D7581A37879400FE8EDB /* UIDevice+FSIExtension.h */; };
		E2C1D75B1A37879400FE8EDB /* UIDevice+FSIExtension.m in Sources */ = {isa = PBXBuildFile; fileRef = E2C1D7591A37879400FE8EDB /* UIDevice+FSIExtension.m */; };
		E2C1D7611A378FB100FE8EDB /* UIImage+ImageEffects.h in Headers */ = {isa = PBXBuildFile; fileRef = E2C1D75F1A378FB100FE8EDB /* UIImage+ImageEffects.h */; };
		E2C1D7621A378FB100FE8EDB /* UIImage+ImageEffects.m in Sources */ = {isa = PBXBuildFile; fileRef = E2C1D7601A378FB100FE8EDB /* UIImage+ImageEffects.m */; };
		E2C87EDD19E459B100A23DB8 /* UILabel+FSIExtensions.h in Headers */ = {isa = PBXBuildFile; fileRef = E2C87EDB19E459B100A23DB8 /* UILabel+FSIExtensions.h */; };
		E2C87EDE19E459B100A23DB8 /* UILabel+FSIExtensions.m in Sources */ = {isa = PBXBuildFile; fileRef = E2C87EDC19E459B100A23DB8 /* UILabel+FSIExtensions.m */; };
		E2FC1FD81921C4A400D38AEA /* Foundation.framework in Frameworks */ = {isa = PBXBuildFile; fileRef = E2FC1FD71921C4A400D38AEA /* Foundation.framework */; };
		E2FC201E1921C4BB00D38AEA /* FSIDeviceHelper.m in Sources */ = {isa = PBXBuildFile; fileRef = E2FC1FFF1921C4BB00D38AEA /* FSIDeviceHelper.m */; };
		E2FC201F1921C4BB00D38AEA /* FSILogger.m in Sources */ = {isa = PBXBuildFile; fileRef = E2FC20011921C4BB00D38AEA /* FSILogger.m */; };
		E2FC20211921C4BB00D38AEA /* NSArray+FSIExtensions.m in Sources */ = {isa = PBXBuildFile; fileRef = E2FC20051921C4BB00D38AEA /* NSArray+FSIExtensions.m */; };
		E2FC20221921C4BB00D38AEA /* NSDateFormatter+FSIExtensions.m in Sources */ = {isa = PBXBuildFile; fileRef = E2FC20071921C4BB00D38AEA /* NSDateFormatter+FSIExtensions.m */; };
		E2FC20231921C4BB00D38AEA /* NSNumberFormatter+FSIExtensions.m in Sources */ = {isa = PBXBuildFile; fileRef = E2FC20091921C4BB00D38AEA /* NSNumberFormatter+FSIExtensions.m */; };
		E2FC20241921C4BB00D38AEA /* NSObject+FSIExtensions.m in Sources */ = {isa = PBXBuildFile; fileRef = E2FC200B1921C4BB00D38AEA /* NSObject+FSIExtensions.m */; };
		E2FC20251921C4BB00D38AEA /* NSString+FSIExtensions.m in Sources */ = {isa = PBXBuildFile; fileRef = E2FC200D1921C4BB00D38AEA /* NSString+FSIExtensions.m */; };
		E2FC20261921C4BB00D38AEA /* UIAlertView+FSIExtensions.m in Sources */ = {isa = PBXBuildFile; fileRef = E2FC200F1921C4BB00D38AEA /* UIAlertView+FSIExtensions.m */; };
		E2FC20271921C4BB00D38AEA /* UIButton+FSIExtensions.m in Sources */ = {isa = PBXBuildFile; fileRef = E2FC20111921C4BB00D38AEA /* UIButton+FSIExtensions.m */; };
		E2FC20281921C4BB00D38AEA /* UIColor+FSIExtensions.m in Sources */ = {isa = PBXBuildFile; fileRef = E2FC20131921C4BB00D38AEA /* UIColor+FSIExtensions.m */; };
		E2FC20291921C4BB00D38AEA /* UIImage+FSIExtensions.m in Sources */ = {isa = PBXBuildFile; fileRef = E2FC20151921C4BB00D38AEA /* UIImage+FSIExtensions.m */; };
		E2FC202A1921C4BB00D38AEA /* UIScrollView+FSIExtensions.m in Sources */ = {isa = PBXBuildFile; fileRef = E2FC20171921C4BB00D38AEA /* UIScrollView+FSIExtensions.m */; };
		E2FC202B1921C4BB00D38AEA /* UITextField+FSIExtensions.m in Sources */ = {isa = PBXBuildFile; fileRef = E2FC20191921C4BB00D38AEA /* UITextField+FSIExtensions.m */; };
		E2FC202C1921C4BB00D38AEA /* UIView+Borders.m in Sources */ = {isa = PBXBuildFile; fileRef = E2FC201B1921C4BB00D38AEA /* UIView+Borders.m */; };
		E2FC202D1921C4BB00D38AEA /* UIView+FSIExtensions.m in Sources */ = {isa = PBXBuildFile; fileRef = E2FC201D1921C4BB00D38AEA /* UIView+FSIExtensions.m */; };
		E2FC202F1921C60200D38AEA /* FSIDeviceHelper.h in Headers */ = {isa = PBXBuildFile; fileRef = E2FC1FFE1921C4BB00D38AEA /* FSIDeviceHelper.h */; settings = {ATTRIBUTES = (Public, ); }; };
		E2FC20301921C60200D38AEA /* FSILogger.h in Headers */ = {isa = PBXBuildFile; fileRef = E2FC20001921C4BB00D38AEA /* FSILogger.h */; settings = {ATTRIBUTES = (Public, ); }; };
		E2FC20321921C60200D38AEA /* NSArray+FSIExtensions.h in Headers */ = {isa = PBXBuildFile; fileRef = E2FC20041921C4BB00D38AEA /* NSArray+FSIExtensions.h */; settings = {ATTRIBUTES = (Public, ); }; };
		E2FC20331921C60200D38AEA /* NSDateFormatter+FSIExtensions.h in Headers */ = {isa = PBXBuildFile; fileRef = E2FC20061921C4BB00D38AEA /* NSDateFormatter+FSIExtensions.h */; settings = {ATTRIBUTES = (Public, ); }; };
		E2FC20341921C60200D38AEA /* NSNumberFormatter+FSIExtensions.h in Headers */ = {isa = PBXBuildFile; fileRef = E2FC20081921C4BB00D38AEA /* NSNumberFormatter+FSIExtensions.h */; settings = {ATTRIBUTES = (Public, ); }; };
		E2FC20351921C60200D38AEA /* NSObject+FSIExtensions.h in Headers */ = {isa = PBXBuildFile; fileRef = E2FC200A1921C4BB00D38AEA /* NSObject+FSIExtensions.h */; settings = {ATTRIBUTES = (Public, ); }; };
		E2FC20361921C60200D38AEA /* NSString+FSIExtensions.h in Headers */ = {isa = PBXBuildFile; fileRef = E2FC200C1921C4BB00D38AEA /* NSString+FSIExtensions.h */; settings = {ATTRIBUTES = (Public, ); }; };
		E2FC20371921C60200D38AEA /* UIAlertView+FSIExtensions.h in Headers */ = {isa = PBXBuildFile; fileRef = E2FC200E1921C4BB00D38AEA /* UIAlertView+FSIExtensions.h */; settings = {ATTRIBUTES = (Public, ); }; };
		E2FC20381921C60200D38AEA /* UIButton+FSIExtensions.h in Headers */ = {isa = PBXBuildFile; fileRef = E2FC20101921C4BB00D38AEA /* UIButton+FSIExtensions.h */; settings = {ATTRIBUTES = (Public, ); }; };
		E2FC20391921C60300D38AEA /* UIColor+FSIExtensions.h in Headers */ = {isa = PBXBuildFile; fileRef = E2FC20121921C4BB00D38AEA /* UIColor+FSIExtensions.h */; settings = {ATTRIBUTES = (Public, ); }; };
		E2FC203A1921C60300D38AEA /* UIImage+FSIExtensions.h in Headers */ = {isa = PBXBuildFile; fileRef = E2FC20141921C4BB00D38AEA /* UIImage+FSIExtensions.h */; settings = {ATTRIBUTES = (Public, ); }; };
		E2FC203B1921C60300D38AEA /* UIScrollView+FSIExtensions.h in Headers */ = {isa = PBXBuildFile; fileRef = E2FC20161921C4BB00D38AEA /* UIScrollView+FSIExtensions.h */; settings = {ATTRIBUTES = (Public, ); }; };
		E2FC203C1921C60300D38AEA /* UITextField+FSIExtensions.h in Headers */ = {isa = PBXBuildFile; fileRef = E2FC20181921C4BB00D38AEA /* UITextField+FSIExtensions.h */; settings = {ATTRIBUTES = (Public, ); }; };
		E2FC203D1921C60300D38AEA /* UIView+Borders.h in Headers */ = {isa = PBXBuildFile; fileRef = E2FC201A1921C4BB00D38AEA /* UIView+Borders.h */; settings = {ATTRIBUTES = (Public, ); }; };
		E2FC203E1921C60300D38AEA /* UIView+FSIExtensions.h in Headers */ = {isa = PBXBuildFile; fileRef = E2FC201C1921C4BB00D38AEA /* UIView+FSIExtensions.h */; settings = {ATTRIBUTES = (Public, ); }; };
/* End PBXBuildFile section */

/* Begin PBXCopyFilesBuildPhase section */
		E2FC1FD21921C4A400D38AEA /* CopyFiles */ = {
			isa = PBXCopyFilesBuildPhase;
			buildActionMask = 12;
			dstPath = "include/$(PRODUCT_NAME)";
			dstSubfolderSpec = 16;
			files = (
			);
			runOnlyForDeploymentPostprocessing = 0;
		};
/* End PBXCopyFilesBuildPhase section */

/* Begin PBXFileReference section */
		30ADF20719E5139F0077F76A /* UILabel+FSITextFormatted.h */ = {isa = PBXFileReference; fileEncoding = 4; lastKnownFileType = sourcecode.c.h; path = "UILabel+FSITextFormatted.h"; sourceTree = "<group>"; };
		30ADF20819E5139F0077F76A /* UILabel+FSITextFormatted.m */ = {isa = PBXFileReference; fileEncoding = 4; lastKnownFileType = sourcecode.c.objc; path = "UILabel+FSITextFormatted.m"; sourceTree = "<group>"; };
		E20381D819E931A9005F536D /* NSString+Levenshtein.h */ = {isa = PBXFileReference; fileEncoding = 4; lastKnownFileType = sourcecode.c.h; path = "NSString+Levenshtein.h"; sourceTree = "<group>"; };
		E20381D919E931A9005F536D /* NSString+Levenshtein.m */ = {isa = PBXFileReference; fileEncoding = 4; lastKnownFileType = sourcecode.c.objc; path = "NSString+Levenshtein.m"; sourceTree = "<group>"; };
		E21152FF1AC44F0A00E4CB23 /* UIApplication+FSIExtensions.h */ = {isa = PBXFileReference; fileEncoding = 4; lastKnownFileType = sourcecode.c.h; path = "UIApplication+FSIExtensions.h"; sourceTree = "<group>"; };
		E21153001AC44F0A00E4CB23 /* UIApplication+FSIExtensions.m */ = {isa = PBXFileReference; fileEncoding = 4; lastKnownFileType = sourcecode.c.objc; path = "UIApplication+FSIExtensions.m"; sourceTree = "<group>"; };
		E21153031AC44FB200E4CB23 /* UIViewController+FSI.h */ = {isa = PBXFileReference; fileEncoding = 4; lastKnownFileType = sourcecode.c.h; path = "UIViewController+FSI.h"; sourceTree = "<group>"; };
		E21153041AC44FB200E4CB23 /* UIViewController+FSI.m */ = {isa = PBXFileReference; fileEncoding = 4; lastKnownFileType = sourcecode.c.objc; path = "UIViewController+FSI.m"; sourceTree = "<group>"; };
		E22771A61AC55E4800A2D8B1 /* libosx.a */ = {isa = PBXFileReference; explicitFileType = archive.ar; includeInIndex = 0; path = libosx.a; sourceTree = BUILT_PRODUCTS_DIR; };
		E22771A81AC55E4800A2D8B1 /* osx.h */ = {isa = PBXFileReference; lastKnownFileType = sourcecode.c.h; path = osx.h; sourceTree = "<group>"; };
		E22771AA1AC55E4800A2D8B1 /* osx.m */ = {isa = PBXFileReference; lastKnownFileType = sourcecode.c.objc; path = osx.m; sourceTree = "<group>"; };
		E22771B61AC55E4800A2D8B1 /* Info.plist */ = {isa = PBXFileReference; lastKnownFileType = text.plist.xml; path = Info.plist; sourceTree = "<group>"; };
		E228CE4B1A793B570096BEBF /* NSFileManager+FSIExtension.h */ = {isa = PBXFileReference; fileEncoding = 4; lastKnownFileType = sourcecode.c.h; path = "NSFileManager+FSIExtension.h"; sourceTree = "<group>"; };
		E228CE4C1A793B570096BEBF /* NSFileManager+FSIExtension.m */ = {isa = PBXFileReference; fileEncoding = 4; lastKnownFileType = sourcecode.c.objc; path = "NSFileManager+FSIExtension.m"; sourceTree = "<group>"; };
		E228CE4D1A793B570096BEBF /* NSUserDefaults+FSIExtension.h */ = {isa = PBXFileReference; fileEncoding = 4; lastKnownFileType = sourcecode.c.h; path = "NSUserDefaults+FSIExtension.h"; sourceTree = "<group>"; };
		E228CE4E1A793B570096BEBF /* NSUserDefaults+FSIExtension.m */ = {isa = PBXFileReference; fileEncoding = 4; lastKnownFileType = sourcecode.c.objc; path = "NSUserDefaults+FSIExtension.m"; sourceTree = "<group>"; };
		E2940CA819220350007B27C9 /* FSI.h */ = {isa = PBXFileReference; lastKnownFileType = sourcecode.c.h; path = FSI.h; sourceTree = "<group>"; };
		E2C1D7541A3786C200FE8EDB /* UIScreen+FSIExtention.h */ = {isa = PBXFileReference; fileEncoding = 4; lastKnownFileType = sourcecode.c.h; path = "UIScreen+FSIExtention.h"; sourceTree = "<group>"; };
		E2C1D7551A3786C200FE8EDB /* UIScreen+FSIExtention.m */ = {isa = PBXFileReference; fileEncoding = 4; lastKnownFileType = sourcecode.c.objc; path = "UIScreen+FSIExtention.m"; sourceTree = "<group>"; };
		E2C1D7581A37879400FE8EDB /* UIDevice+FSIExtension.h */ = {isa = PBXFileReference; fileEncoding = 4; lastKnownFileType = sourcecode.c.h; path = "UIDevice+FSIExtension.h"; sourceTree = "<group>"; };
		E2C1D7591A37879400FE8EDB /* UIDevice+FSIExtension.m */ = {isa = PBXFileReference; fileEncoding = 4; lastKnownFileType = sourcecode.c.objc; path = "UIDevice+FSIExtension.m"; sourceTree = "<group>"; };
		E2C1D75F1A378FB100FE8EDB /* UIImage+ImageEffects.h */ = {isa = PBXFileReference; fileEncoding = 4; lastKnownFileType = sourcecode.c.h; path = "UIImage+ImageEffects.h"; sourceTree = "<group>"; };
		E2C1D7601A378FB100FE8EDB /* UIImage+ImageEffects.m */ = {isa = PBXFileReference; fileEncoding = 4; lastKnownFileType = sourcecode.c.objc; path = "UIImage+ImageEffects.m"; sourceTree = "<group>"; };
		E2C87EDB19E459B100A23DB8 /* UILabel+FSIExtensions.h */ = {isa = PBXFileReference; fileEncoding = 4; lastKnownFileType = sourcecode.c.h; path = "UILabel+FSIExtensions.h"; sourceTree = "<group>"; };
		E2C87EDC19E459B100A23DB8 /* UILabel+FSIExtensions.m */ = {isa = PBXFileReference; fileEncoding = 4; lastKnownFileType = sourcecode.c.objc; path = "UILabel+FSIExtensions.m"; sourceTree = "<group>"; };
		E2FC1FD41921C4A400D38AEA /* libFSI.a */ = {isa = PBXFileReference; explicitFileType = archive.ar; includeInIndex = 0; name = libFSI.a; path = libios.a; sourceTree = BUILT_PRODUCTS_DIR; };
		E2FC1FD71921C4A400D38AEA /* Foundation.framework */ = {isa = PBXFileReference; lastKnownFileType = wrapper.framework; name = Foundation.framework; path = System/Library/Frameworks/Foundation.framework; sourceTree = SDKROOT; };
		E2FC1FDB1921C4A400D38AEA /* FSI-Prefix.pch */ = {isa = PBXFileReference; lastKnownFileType = sourcecode.c.h; path = "FSI-Prefix.pch"; sourceTree = "<group>"; };
		E2FC1FE51921C4A400D38AEA /* XCTest.framework */ = {isa = PBXFileReference; lastKnownFileType = wrapper.framework; name = XCTest.framework; path = Library/Frameworks/XCTest.framework; sourceTree = DEVELOPER_DIR; };
		E2FC1FE81921C4A400D38AEA /* UIKit.framework */ = {isa = PBXFileReference; lastKnownFileType = wrapper.framework; name = UIKit.framework; path = Library/Frameworks/UIKit.framework; sourceTree = DEVELOPER_DIR; };
		E2FC1FFE1921C4BB00D38AEA /* FSIDeviceHelper.h */ = {isa = PBXFileReference; fileEncoding = 4; lastKnownFileType = sourcecode.c.h; path = FSIDeviceHelper.h; sourceTree = "<group>"; };
		E2FC1FFF1921C4BB00D38AEA /* FSIDeviceHelper.m */ = {isa = PBXFileReference; fileEncoding = 4; lastKnownFileType = sourcecode.c.objc; path = FSIDeviceHelper.m; sourceTree = "<group>"; };
		E2FC20001921C4BB00D38AEA /* FSILogger.h */ = {isa = PBXFileReference; fileEncoding = 4; lastKnownFileType = sourcecode.c.h; path = FSILogger.h; sourceTree = "<group>"; };
		E2FC20011921C4BB00D38AEA /* FSILogger.m */ = {isa = PBXFileReference; fileEncoding = 4; lastKnownFileType = sourcecode.c.objc; path = FSILogger.m; sourceTree = "<group>"; };
		E2FC20041921C4BB00D38AEA /* NSArray+FSIExtensions.h */ = {isa = PBXFileReference; fileEncoding = 4; lastKnownFileType = sourcecode.c.h; path = "NSArray+FSIExtensions.h"; sourceTree = "<group>"; };
		E2FC20051921C4BB00D38AEA /* NSArray+FSIExtensions.m */ = {isa = PBXFileReference; fileEncoding = 4; lastKnownFileType = sourcecode.c.objc; path = "NSArray+FSIExtensions.m"; sourceTree = "<group>"; };
		E2FC20061921C4BB00D38AEA /* NSDateFormatter+FSIExtensions.h */ = {isa = PBXFileReference; fileEncoding = 4; lastKnownFileType = sourcecode.c.h; path = "NSDateFormatter+FSIExtensions.h"; sourceTree = "<group>"; };
		E2FC20071921C4BB00D38AEA /* NSDateFormatter+FSIExtensions.m */ = {isa = PBXFileReference; fileEncoding = 4; lastKnownFileType = sourcecode.c.objc; path = "NSDateFormatter+FSIExtensions.m"; sourceTree = "<group>"; };
		E2FC20081921C4BB00D38AEA /* NSNumberFormatter+FSIExtensions.h */ = {isa = PBXFileReference; fileEncoding = 4; lastKnownFileType = sourcecode.c.h; path = "NSNumberFormatter+FSIExtensions.h"; sourceTree = "<group>"; };
		E2FC20091921C4BB00D38AEA /* NSNumberFormatter+FSIExtensions.m */ = {isa = PBXFileReference; fileEncoding = 4; lastKnownFileType = sourcecode.c.objc; path = "NSNumberFormatter+FSIExtensions.m"; sourceTree = "<group>"; };
		E2FC200A1921C4BB00D38AEA /* NSObject+FSIExtensions.h */ = {isa = PBXFileReference; fileEncoding = 4; lastKnownFileType = sourcecode.c.h; path = "NSObject+FSIExtensions.h"; sourceTree = "<group>"; };
		E2FC200B1921C4BB00D38AEA /* NSObject+FSIExtensions.m */ = {isa = PBXFileReference; fileEncoding = 4; lastKnownFileType = sourcecode.c.objc; path = "NSObject+FSIExtensions.m"; sourceTree = "<group>"; };
		E2FC200C1921C4BB00D38AEA /* NSString+FSIExtensions.h */ = {isa = PBXFileReference; fileEncoding = 4; lastKnownFileType = sourcecode.c.h; path = "NSString+FSIExtensions.h"; sourceTree = "<group>"; };
		E2FC200D1921C4BB00D38AEA /* NSString+FSIExtensions.m */ = {isa = PBXFileReference; fileEncoding = 4; lastKnownFileType = sourcecode.c.objc; path = "NSString+FSIExtensions.m"; sourceTree = "<group>"; };
		E2FC200E1921C4BB00D38AEA /* UIAlertView+FSIExtensions.h */ = {isa = PBXFileReference; fileEncoding = 4; lastKnownFileType = sourcecode.c.h; path = "UIAlertView+FSIExtensions.h"; sourceTree = "<group>"; };
		E2FC200F1921C4BB00D38AEA /* UIAlertView+FSIExtensions.m */ = {isa = PBXFileReference; fileEncoding = 4; lastKnownFileType = sourcecode.c.objc; path = "UIAlertView+FSIExtensions.m"; sourceTree = "<group>"; };
		E2FC20101921C4BB00D38AEA /* UIButton+FSIExtensions.h */ = {isa = PBXFileReference; fileEncoding = 4; lastKnownFileType = sourcecode.c.h; path = "UIButton+FSIExtensions.h"; sourceTree = "<group>"; };
		E2FC20111921C4BB00D38AEA /* UIButton+FSIExtensions.m */ = {isa = PBXFileReference; fileEncoding = 4; lastKnownFileType = sourcecode.c.objc; path = "UIButton+FSIExtensions.m"; sourceTree = "<group>"; };
		E2FC20121921C4BB00D38AEA /* UIColor+FSIExtensions.h */ = {isa = PBXFileReference; fileEncoding = 4; lastKnownFileType = sourcecode.c.h; path = "UIColor+FSIExtensions.h"; sourceTree = "<group>"; };
		E2FC20131921C4BB00D38AEA /* UIColor+FSIExtensions.m */ = {isa = PBXFileReference; fileEncoding = 4; lastKnownFileType = sourcecode.c.objc; path = "UIColor+FSIExtensions.m"; sourceTree = "<group>"; };
		E2FC20141921C4BB00D38AEA /* UIImage+FSIExtensions.h */ = {isa = PBXFileReference; fileEncoding = 4; lastKnownFileType = sourcecode.c.h; path = "UIImage+FSIExtensions.h"; sourceTree = "<group>"; };
		E2FC20151921C4BB00D38AEA /* UIImage+FSIExtensions.m */ = {isa = PBXFileReference; fileEncoding = 4; lastKnownFileType = sourcecode.c.objc; path = "UIImage+FSIExtensions.m"; sourceTree = "<group>"; };
		E2FC20161921C4BB00D38AEA /* UIScrollView+FSIExtensions.h */ = {isa = PBXFileReference; fileEncoding = 4; lastKnownFileType = sourcecode.c.h; path = "UIScrollView+FSIExtensions.h"; sourceTree = "<group>"; };
		E2FC20171921C4BB00D38AEA /* UIScrollView+FSIExtensions.m */ = {isa = PBXFileReference; fileEncoding = 4; lastKnownFileType = sourcecode.c.objc; path = "UIScrollView+FSIExtensions.m"; sourceTree = "<group>"; };
		E2FC20181921C4BB00D38AEA /* UITextField+FSIExtensions.h */ = {isa = PBXFileReference; fileEncoding = 4; lastKnownFileType = sourcecode.c.h; path = "UITextField+FSIExtensions.h"; sourceTree = "<group>"; };
		E2FC20191921C4BB00D38AEA /* UITextField+FSIExtensions.m */ = {isa = PBXFileReference; fileEncoding = 4; lastKnownFileType = sourcecode.c.objc; path = "UITextField+FSIExtensions.m"; sourceTree = "<group>"; };
		E2FC201A1921C4BB00D38AEA /* UIView+Borders.h */ = {isa = PBXFileReference; fileEncoding = 4; lastKnownFileType = sourcecode.c.h; path = "UIView+Borders.h"; sourceTree = "<group>"; };
		E2FC201B1921C4BB00D38AEA /* UIView+Borders.m */ = {isa = PBXFileReference; fileEncoding = 4; lastKnownFileType = sourcecode.c.objc; path = "UIView+Borders.m"; sourceTree = "<group>"; };
		E2FC201C1921C4BB00D38AEA /* UIView+FSIExtensions.h */ = {isa = PBXFileReference; fileEncoding = 4; lastKnownFileType = sourcecode.c.h; path = "UIView+FSIExtensions.h"; sourceTree = "<group>"; };
		E2FC201D1921C4BB00D38AEA /* UIView+FSIExtensions.m */ = {isa = PBXFileReference; fileEncoding = 4; lastKnownFileType = sourcecode.c.objc; path = "UIView+FSIExtensions.m"; sourceTree = "<group>"; };
/* End PBXFileReference section */

/* Begin PBXFrameworksBuildPhase section */
		E22771A31AC55E4800A2D8B1 /* Frameworks */ = {
			isa = PBXFrameworksBuildPhase;
			buildActionMask = 2147483647;
			files = (
			);
			runOnlyForDeploymentPostprocessing = 0;
		};
		E2FC1FD11921C4A400D38AEA /* Frameworks */ = {
			isa = PBXFrameworksBuildPhase;
			buildActionMask = 2147483647;
			files = (
				E2FC1FD81921C4A400D38AEA /* Foundation.framework in Frameworks */,
			);
			runOnlyForDeploymentPostprocessing = 0;
		};
/* End PBXFrameworksBuildPhase section */

/* Begin PBXGroup section */
		E21153071AC4507400E4CB23 /* iOS */ = {
			isa = PBXGroup;
			children = (
				E2FC200A1921C4BB00D38AEA /* NSObject+FSIExtensions.h */,
				E2FC200B1921C4BB00D38AEA /* NSObject+FSIExtensions.m */,
				E2FC20001921C4BB00D38AEA /* FSILogger.h */,
				E2FC20011921C4BB00D38AEA /* FSILogger.m */,
				E2FC1FFE1921C4BB00D38AEA /* FSIDeviceHelper.h */,
				E2FC1FFF1921C4BB00D38AEA /* FSIDeviceHelper.m */,
				E2FC200E1921C4BB00D38AEA /* UIAlertView+FSIExtensions.h */,
				E2FC200F1921C4BB00D38AEA /* UIAlertView+FSIExtensions.m */,
				E21152FF1AC44F0A00E4CB23 /* UIApplication+FSIExtensions.h */,
				E21153001AC44F0A00E4CB23 /* UIApplication+FSIExtensions.m */,
				E2FC20101921C4BB00D38AEA /* UIButton+FSIExtensions.h */,
				E2FC20111921C4BB00D38AEA /* UIButton+FSIExtensions.m */,
				E2FC20121921C4BB00D38AEA /* UIColor+FSIExtensions.h */,
				E2FC20131921C4BB00D38AEA /* UIColor+FSIExtensions.m */,
				E2C1D7581A37879400FE8EDB /* UIDevice+FSIExtension.h */,
				E2C1D7591A37879400FE8EDB /* UIDevice+FSIExtension.m */,
				E2FC20141921C4BB00D38AEA /* UIImage+FSIExtensions.h */,
				E2FC20151921C4BB00D38AEA /* UIImage+FSIExtensions.m */,
				E2C1D75F1A378FB100FE8EDB /* UIImage+ImageEffects.h */,
				E2C1D7601A378FB100FE8EDB /* UIImage+ImageEffects.m */,
				E2C87EDB19E459B100A23DB8 /* UILabel+FSIExtensions.h */,
				E2C87EDC19E459B100A23DB8 /* UILabel+FSIExtensions.m */,
				30ADF20719E5139F0077F76A /* UILabel+FSITextFormatted.h */,
				30ADF20819E5139F0077F76A /* UILabel+FSITextFormatted.m */,
				E2C1D7541A3786C200FE8EDB /* UIScreen+FSIExtention.h */,
				E2C1D7551A3786C200FE8EDB /* UIScreen+FSIExtention.m */,
				E2FC20161921C4BB00D38AEA /* UIScrollView+FSIExtensions.h */,
				E2FC20171921C4BB00D38AEA /* UIScrollView+FSIExtensions.m */,
				E2FC20181921C4BB00D38AEA /* UITextField+FSIExtensions.h */,
				E2FC20191921C4BB00D38AEA /* UITextField+FSIExtensions.m */,
				E2FC201A1921C4BB00D38AEA /* UIView+Borders.h */,
				E2FC201B1921C4BB00D38AEA /* UIView+Borders.m */,
				E2FC201C1921C4BB00D38AEA /* UIView+FSIExtensions.h */,
				E2FC201D1921C4BB00D38AEA /* UIView+FSIExtensions.m */,
				E21153031AC44FB200E4CB23 /* UIViewController+FSI.h */,
				E21153041AC44FB200E4CB23 /* UIViewController+FSI.m */,
			);
			name = iOS;
			sourceTree = "<group>";
		};
		E21153081AC450DE00E4CB23 /* Core */ = {
			isa = PBXGroup;
			children = (
				E2FC20041921C4BB00D38AEA /* NSArray+FSIExtensions.h */,
				E2FC20051921C4BB00D38AEA /* NSArray+FSIExtensions.m */,
				E2FC20061921C4BB00D38AEA /* NSDateFormatter+FSIExtensions.h */,
				E2FC20071921C4BB00D38AEA /* NSDateFormatter+FSIExtensions.m */,
				E228CE4B1A793B570096BEBF /* NSFileManager+FSIExtension.h */,
				E228CE4C1A793B570096BEBF /* NSFileManager+FSIExtension.m */,
				E2FC20081921C4BB00D38AEA /* NSNumberFormatter+FSIExtensions.h */,
				E2FC20091921C4BB00D38AEA /* NSNumberFormatter+FSIExtensions.m */,
				E2FC200C1921C4BB00D38AEA /* NSString+FSIExtensions.h */,
				E2FC200D1921C4BB00D38AEA /* NSString+FSIExtensions.m */,
				E20381D819E931A9005F536D /* NSString+Levenshtein.h */,
				E20381D919E931A9005F536D /* NSString+Levenshtein.m */,
				E228CE4D1A793B570096BEBF /* NSUserDefaults+FSIExtension.h */,
				E228CE4E1A793B570096BEBF /* NSUserDefaults+FSIExtension.m */,
			);
			name = Core;
			sourceTree = "<group>";
		};
		E22771A71AC55E4800A2D8B1 /* osx */ = {
			isa = PBXGroup;
			children = (
				E22771A81AC55E4800A2D8B1 /* osx.h */,
				E22771AA1AC55E4800A2D8B1 /* osx.m */,
			);
			path = osx;
			sourceTree = "<group>";
		};
		E22771B41AC55E4800A2D8B1 /* osxTests */ = {
			isa = PBXGroup;
			children = (
				E22771B51AC55E4800A2D8B1 /* Supporting Files */,
			);
			path = osxTests;
			sourceTree = "<group>";
		};
		E22771B51AC55E4800A2D8B1 /* Supporting Files */ = {
			isa = PBXGroup;
			children = (
				E22771B61AC55E4800A2D8B1 /* Info.plist */,
			);
			name = "Supporting Files";
			sourceTree = "<group>";
		};
		E2FC1FCB1921C4A400D38AEA = {
			isa = PBXGroup;
			children = (
				E2FC1FD91921C4A400D38AEA /* FSI */,
				E22771A71AC55E4800A2D8B1 /* osx */,
				E22771B41AC55E4800A2D8B1 /* osxTests */,
				E2FC1FD61921C4A400D38AEA /* Frameworks */,
				E2FC1FD51921C4A400D38AEA /* Products */,
			);
			sourceTree = "<group>";
		};
		E2FC1FD51921C4A400D38AEA /* Products */ = {
			isa = PBXGroup;
			children = (
				E2FC1FD41921C4A400D38AEA /* libFSI.a */,
				E22771A61AC55E4800A2D8B1 /* libosx.a */,
			);
			name = Products;
			sourceTree = "<group>";
		};
		E2FC1FD61921C4A400D38AEA /* Frameworks */ = {
			isa = PBXGroup;
			children = (
				E2FC1FD71921C4A400D38AEA /* Foundation.framework */,
				E2FC1FE51921C4A400D38AEA /* XCTest.framework */,
				E2FC1FE81921C4A400D38AEA /* UIKit.framework */,
			);
			name = Frameworks;
			sourceTree = "<group>";
		};
		E2FC1FD91921C4A400D38AEA /* FSI */ = {
			isa = PBXGroup;
			children = (
				E2FC1FFD1921C4B200D38AEA /* Classes */,
				E2FC1FDA1921C4A400D38AEA /* Supporting Files */,
				E2940CA819220350007B27C9 /* FSI.h */,
			);
			path = FSI;
			sourceTree = "<group>";
		};
		E2FC1FDA1921C4A400D38AEA /* Supporting Files */ = {
			isa = PBXGroup;
			children = (
				E2FC1FDB1921C4A400D38AEA /* FSI-Prefix.pch */,
			);
			name = "Supporting Files";
			sourceTree = "<group>";
		};
		E2FC1FFD1921C4B200D38AEA /* Classes */ = {
			isa = PBXGroup;
			children = (
				E21153081AC450DE00E4CB23 /* Core */,
				E21153071AC4507400E4CB23 /* iOS */,
			);
			name = Classes;
			sourceTree = "<group>";
		};
/* End PBXGroup section */

/* Begin PBXHeadersBuildPhase section */
		E22771A41AC55E4800A2D8B1 /* Headers */ = {
			isa = PBXHeadersBuildPhase;
			buildActionMask = 2147483647;
			files = (
				E22771BF1AC55E8A00A2D8B1 /* NSArray+FSIExtensions.h in Headers */,
				E22771C31AC55E8A00A2D8B1 /* NSFileManager+FSIExtension.h in Headers */,
				E22771C91AC55E8A00A2D8B1 /* NSString+FSIExtensions.h in Headers */,
				E22771C51AC55E8A00A2D8B1 /* NSNumberFormatter+FSIExtensions.h in Headers */,
				E22771C11AC55E8A00A2D8B1 /* NSDateFormatter+FSIExtensions.h in Headers */,
				E22771A91AC55E4800A2D8B1 /* osx.h in Headers */,
				E26B99281AC5617E0051FB7D /* FSI.h in Headers */,
				E22771CB1AC55E8A00A2D8B1 /* NSString+Levenshtein.h in Headers */,
				E22771CD1AC55E8A00A2D8B1 /* NSUserDefaults+FSIExtension.h in Headers */,
			);
			runOnlyForDeploymentPostprocessing = 0;
		};
		E2FC202E1921C5DE00D38AEA /* Headers */ = {
			isa = PBXHeadersBuildPhase;
			buildActionMask = 2147483647;
			files = (
				E2FC202F1921C60200D38AEA /* FSIDeviceHelper.h in Headers */,
				E2C1D7611A378FB100FE8EDB /* UIImage+ImageEffects.h in Headers */,
				E2FC20301921C60200D38AEA /* FSILogger.h in Headers */,
				E228CE511A793B570096BEBF /* NSUserDefaults+FSIExtension.h in Headers */,
				E2FC20321921C60200D38AEA /* NSArray+FSIExtensions.h in Headers */,
				30ADF20919E5139F0077F76A /* UILabel+FSITextFormatted.h in Headers */,
				E2FC20331921C60200D38AEA /* NSDateFormatter+FSIExtensions.h in Headers */,
				E2FC20341921C60200D38AEA /* NSNumberFormatter+FSIExtensions.h in Headers */,
				E2C87EDD19E459B100A23DB8 /* UILabel+FSIExtensions.h in Headers */,
				E2FC20351921C60200D38AEA /* NSObject+FSIExtensions.h in Headers */,
				E21153011AC44F0A00E4CB23 /* UIApplication+FSIExtensions.h in Headers */,
				E2FC20361921C60200D38AEA /* NSString+FSIExtensions.h in Headers */,
				E2FC20371921C60200D38AEA /* UIAlertView+FSIExtensions.h in Headers */,
				E2FC20381921C60200D38AEA /* UIButton+FSIExtensions.h in Headers */,
				E2C1D7561A3786C200FE8EDB /* UIScreen+FSIExtention.h in Headers */,
				E21153051AC44FB200E4CB23 /* UIViewController+FSI.h in Headers */,
				E228CE4F1A793B570096BEBF /* NSFileManager+FSIExtension.h in Headers */,
				E26B99271AC5617D0051FB7D /* FSI.h in Headers */,
				E2FC20391921C60300D38AEA /* UIColor+FSIExtensions.h in Headers */,
				E2FC203A1921C60300D38AEA /* UIImage+FSIExtensions.h in Headers */,
				E20381DA19E931A9005F536D /* NSString+Levenshtein.h in Headers */,
				E2FC203B1921C60300D38AEA /* UIScrollView+FSIExtensions.h in Headers */,
				E2C1D75A1A37879400FE8EDB /* UIDevice+FSIExtension.h in Headers */,
				E2FC203C1921C60300D38AEA /* UITextField+FSIExtensions.h in Headers */,
				E2FC203D1921C60300D38AEA /* UIView+Borders.h in Headers */,
				E2FC203E1921C60300D38AEA /* UIView+FSIExtensions.h in Headers */,
			);
			runOnlyForDeploymentPostprocessing = 0;
		};
/* End PBXHeadersBuildPhase section */

/* Begin PBXNativeTarget section */
		E22771A51AC55E4800A2D8B1 /* osx */ = {
			isa = PBXNativeTarget;
			buildConfigurationList = E22771B71AC55E4800A2D8B1 /* Build configuration list for PBXNativeTarget "osx" */;
			buildPhases = (
				E22771A21AC55E4800A2D8B1 /* Sources */,
				E22771A31AC55E4800A2D8B1 /* Frameworks */,
				E22771A41AC55E4800A2D8B1 /* Headers */,
			);
			buildRules = (
			);
			dependencies = (
			);
			name = osx;
			productName = osx;
			productReference = E22771A61AC55E4800A2D8B1 /* libosx.a */;
			productType = "com.apple.product-type.library.static";
		};
		E2FC1FD31921C4A400D38AEA /* ios */ = {
			isa = PBXNativeTarget;
			buildConfigurationList = E2FC1FF71921C4A400D38AEA /* Build configuration list for PBXNativeTarget "ios" */;
			buildPhases = (
				E2FC1FD01921C4A400D38AEA /* Sources */,
				E2FC1FD11921C4A400D38AEA /* Frameworks */,
				E2FC1FD21921C4A400D38AEA /* CopyFiles */,
				E2FC202E1921C5DE00D38AEA /* Headers */,
				7A972965CA769AE9C261338A /* Find unused imports */,
			);
			buildRules = (
			);
			dependencies = (
			);
			name = ios;
			productName = FSI;
			productReference = E2FC1FD41921C4A400D38AEA /* libFSI.a */;
			productType = "com.apple.product-type.library.static";
		};
/* End PBXNativeTarget section */

/* Begin PBXProject section */
		E2FC1FCC1921C4A400D38AEA /* Project object */ = {
			isa = PBXProject;
			attributes = {
				LastUpgradeCheck = 0510;
				ORGANIZATIONNAME = "Tom Baranes";
				TargetAttributes = {
					E22771A51AC55E4800A2D8B1 = {
						CreatedOnToolsVersion = 6.2;
					};
				};
			};
			buildConfigurationList = E2FC1FCF1921C4A400D38AEA /* Build configuration list for PBXProject "FSI" */;
			compatibilityVersion = "Xcode 3.2";
			developmentRegion = English;
			hasScannedForEncodings = 0;
			knownRegions = (
				en,
			);
			mainGroup = E2FC1FCB1921C4A400D38AEA;
			productRefGroup = E2FC1FD51921C4A400D38AEA /* Products */;
			projectDirPath = "";
			projectRoot = "";
			targets = (
				E2FC1FD31921C4A400D38AEA /* ios */,
				E22771A51AC55E4800A2D8B1 /* osx */,
			);
		};
/* End PBXProject section */

/* Begin PBXShellScriptBuildPhase section */
		7A972965CA769AE9C261338A /* Find unused imports */ = {
			isa = PBXShellScriptBuildPhase;
			buildActionMask = 2147483647;
			files = (
			);
			inputPaths = (
			);
			name = "Find unused imports";
			outputPaths = (
			);
			runOnlyForDeploymentPostprocessing = 0;
			shellPath = /bin/sh;
			shellScript = "/bin/sh \"/Users/Tom/Library/Application Support/Developer/Shared/Xcode/Plug-ins/xcfui.xcplugin/Contents/Resources/fui_script.sh\" \"/Users/Tom/Documents/Workspace/iOS/FSI\"";
		};
/* End PBXShellScriptBuildPhase section */

/* Begin PBXSourcesBuildPhase section */
		E22771A21AC55E4800A2D8B1 /* Sources */ = {
			isa = PBXSourcesBuildPhase;
			buildActionMask = 2147483647;
			files = (
				E22771CA1AC55E8A00A2D8B1 /* NSString+FSIExtensions.m in Sources */,
				E22771C01AC55E8A00A2D8B1 /* NSArray+FSIExtensions.m in Sources */,
				E22771C41AC55E8A00A2D8B1 /* NSFileManager+FSIExtension.m in Sources */,
				E22771CC1AC55E8A00A2D8B1 /* NSString+Levenshtein.m in Sources */,
				E22771CE1AC55E8A00A2D8B1 /* NSUserDefaults+FSIExtension.m in Sources */,
				E22771C21AC55E8A00A2D8B1 /* NSDateFormatter+FSIExtensions.m in Sources */,
				E22771AB1AC55E4800A2D8B1 /* osx.m in Sources */,
				E22771C61AC55E8A00A2D8B1 /* NSNumberFormatter+FSIExtensions.m in Sources */,
			);
			runOnlyForDeploymentPostprocessing = 0;
		};
		E2FC1FD01921C4A400D38AEA /* Sources */ = {
			isa = PBXSourcesBuildPhase;
			buildActionMask = 2147483647;
			files = (
				E2FC20251921C4BB00D38AEA /* NSString+FSIExtensions.m in Sources */,
				E2FC20221921C4BB00D38AEA /* NSDateFormatter+FSIExtensions.m in Sources */,
				E2FC201F1921C4BB00D38AEA /* FSILogger.m in Sources */,
				E2FC201E1921C4BB00D38AEA /* FSIDeviceHelper.m in Sources */,
				E2C1D7621A378FB100FE8EDB /* UIImage+ImageEffects.m in Sources */,
				E20381DB19E931A9005F536D /* NSString+Levenshtein.m in Sources */,
				E2FC20271921C4BB00D38AEA /* UIButton+FSIExtensions.m in Sources */,
				E21153021AC44F0A00E4CB23 /* UIApplication+FSIExtensions.m in Sources */,
				E2C87EDE19E459B100A23DB8 /* UILabel+FSIExtensions.m in Sources */,
				E2FC202A1921C4BB00D38AEA /* UIScrollView+FSIExtensions.m in Sources */,
				E2FC20281921C4BB00D38AEA /* UIColor+FSIExtensions.m in Sources */,
				E2FC202D1921C4BB00D38AEA /* UIView+FSIExtensions.m in Sources */,
				E2FC202B1921C4BB00D38AEA /* UITextField+FSIExtensions.m in Sources */,
				30ADF20A19E5139F0077F76A /* UILabel+FSITextFormatted.m in Sources */,
				E2FC20211921C4BB00D38AEA /* NSArray+FSIExtensions.m in Sources */,
				E21153061AC44FB200E4CB23 /* UIViewController+FSI.m in Sources */,
				E2FC20291921C4BB00D38AEA /* UIImage+FSIExtensions.m in Sources */,
				E228CE521A793B570096BEBF /* NSUserDefaults+FSIExtension.m in Sources */,
				E2FC20261921C4BB00D38AEA /* UIAlertView+FSIExtensions.m in Sources */,
				E2FC20241921C4BB00D38AEA /* NSObject+FSIExtensions.m in Sources */,
				E228CE501A793B570096BEBF /* NSFileManager+FSIExtension.m in Sources */,
				E2C1D7571A3786C200FE8EDB /* UIScreen+FSIExtention.m in Sources */,
				E2C1D75B1A37879400FE8EDB /* UIDevice+FSIExtension.m in Sources */,
				E2FC20231921C4BB00D38AEA /* NSNumberFormatter+FSIExtensions.m in Sources */,
				E2FC202C1921C4BB00D38AEA /* UIView+Borders.m in Sources */,
			);
			runOnlyForDeploymentPostprocessing = 0;
		};
/* End PBXSourcesBuildPhase section */

/* Begin XCBuildConfiguration section */
		E22771B81AC55E4800A2D8B1 /* Debug */ = {
			isa = XCBuildConfiguration;
			buildSettings = {
				CLANG_WARN_UNREACHABLE_CODE = YES;
				ENABLE_STRICT_OBJC_MSGSEND = YES;
				EXECUTABLE_PREFIX = lib;
				GCC_PREPROCESSOR_DEFINITIONS = (
					"DEBUG=1",
					"$(inherited)",
				);
				MACOSX_DEPLOYMENT_TARGET = 10.10;
				MTL_ENABLE_DEBUG_INFO = YES;
				PRODUCT_NAME = "$(TARGET_NAME)";
				SDKROOT = macosx;
			};
			name = Debug;
		};
		E22771B91AC55E4800A2D8B1 /* Release */ = {
			isa = XCBuildConfiguration;
			buildSettings = {
				CLANG_WARN_UNREACHABLE_CODE = YES;
				COPY_PHASE_STRIP = NO;
				DEBUG_INFORMATION_FORMAT = "dwarf-with-dsym";
				ENABLE_STRICT_OBJC_MSGSEND = YES;
				EXECUTABLE_PREFIX = lib;
				MACOSX_DEPLOYMENT_TARGET = 10.10;
				MTL_ENABLE_DEBUG_INFO = NO;
				PRODUCT_NAME = "$(TARGET_NAME)";
				SDKROOT = macosx;
			};
			name = Release;
		};
		E2FC1FF51921C4A400D38AEA /* Debug */ = {
			isa = XCBuildConfiguration;
			buildSettings = {
				ALWAYS_SEARCH_USER_PATHS = NO;
				CLANG_CXX_LANGUAGE_STANDARD = "gnu++0x";
				CLANG_CXX_LIBRARY = "libc++";
				CLANG_ENABLE_MODULES = YES;
				CLANG_ENABLE_OBJC_ARC = YES;
				CLANG_WARN_BOOL_CONVERSION = YES;
				CLANG_WARN_CONSTANT_CONVERSION = YES;
				CLANG_WARN_DIRECT_OBJC_ISA_USAGE = YES_ERROR;
				CLANG_WARN_EMPTY_BODY = YES;
				CLANG_WARN_ENUM_CONVERSION = YES;
				CLANG_WARN_INT_CONVERSION = YES;
				CLANG_WARN_OBJC_ROOT_CLASS = YES_ERROR;
				CLANG_WARN__DUPLICATE_METHOD_MATCH = YES;
				COPY_PHASE_STRIP = NO;
				GCC_C_LANGUAGE_STANDARD = gnu99;
				GCC_DYNAMIC_NO_PIC = NO;
				GCC_OPTIMIZATION_LEVEL = 0;
				GCC_PREPROCESSOR_DEFINITIONS = (
					"DEBUG=1",
					"$(inherited)",
				);
				GCC_SYMBOLS_PRIVATE_EXTERN = NO;
				GCC_WARN_64_TO_32_BIT_CONVERSION = YES;
				GCC_WARN_ABOUT_RETURN_TYPE = YES_ERROR;
				GCC_WARN_UNDECLARED_SELECTOR = YES;
				GCC_WARN_UNINITIALIZED_AUTOS = YES_AGGRESSIVE;
				GCC_WARN_UNUSED_FUNCTION = YES;
				GCC_WARN_UNUSED_VARIABLE = YES;
				IPHONEOS_DEPLOYMENT_TARGET = 7.0;
				MACOSX_DEPLOYMENT_TARGET = 10.9;
				ONLY_ACTIVE_ARCH = YES;
				SDKROOT = iphoneos;
				SUPPORTED_PLATFORMS = "iphonesimulator iphoneos osx";
			};
			name = Debug;
		};
		E2FC1FF61921C4A400D38AEA /* Release */ = {
			isa = XCBuildConfiguration;
			buildSettings = {
				ALWAYS_SEARCH_USER_PATHS = NO;
				CLANG_CXX_LANGUAGE_STANDARD = "gnu++0x";
				CLANG_CXX_LIBRARY = "libc++";
				CLANG_ENABLE_MODULES = YES;
				CLANG_ENABLE_OBJC_ARC = YES;
				CLANG_WARN_BOOL_CONVERSION = YES;
				CLANG_WARN_CONSTANT_CONVERSION = YES;
				CLANG_WARN_DIRECT_OBJC_ISA_USAGE = YES_ERROR;
				CLANG_WARN_EMPTY_BODY = YES;
				CLANG_WARN_ENUM_CONVERSION = YES;
				CLANG_WARN_INT_CONVERSION = YES;
				CLANG_WARN_OBJC_ROOT_CLASS = YES_ERROR;
				CLANG_WARN__DUPLICATE_METHOD_MATCH = YES;
				COPY_PHASE_STRIP = YES;
				ENABLE_NS_ASSERTIONS = NO;
				GCC_C_LANGUAGE_STANDARD = gnu99;
				GCC_WARN_64_TO_32_BIT_CONVERSION = YES;
				GCC_WARN_ABOUT_RETURN_TYPE = YES_ERROR;
				GCC_WARN_UNDECLARED_SELECTOR = YES;
				GCC_WARN_UNINITIALIZED_AUTOS = YES_AGGRESSIVE;
				GCC_WARN_UNUSED_FUNCTION = YES;
				GCC_WARN_UNUSED_VARIABLE = YES;
				IPHONEOS_DEPLOYMENT_TARGET = 7.0;
				MACOSX_DEPLOYMENT_TARGET = 10.9;
				SDKROOT = iphoneos;
				SUPPORTED_PLATFORMS = "iphonesimulator iphoneos osx";
				VALIDATE_PRODUCT = YES;
			};
			name = Release;
		};
		E2FC1FF81921C4A400D38AEA /* Debug */ = {
			isa = XCBuildConfiguration;
			buildSettings = {
				DSTROOT = /tmp/FSI.dst;
				GCC_PRECOMPILE_PREFIX_HEADER = YES;
				GCC_PREFIX_HEADER = "FSI/FSI-Prefix.pch";
				OTHER_LDFLAGS = "-ObjC";
				PRODUCT_NAME = "$(TARGET_NAME)";
				SKIP_INSTALL = YES;
			};
			name = Debug;
		};
		E2FC1FF91921C4A400D38AEA /* Release */ = {
			isa = XCBuildConfiguration;
			buildSettings = {
				DSTROOT = /tmp/FSI.dst;
				GCC_PRECOMPILE_PREFIX_HEADER = YES;
				GCC_PREFIX_HEADER = "FSI/FSI-Prefix.pch";
				OTHER_LDFLAGS = "-ObjC";
				PRODUCT_NAME = "$(TARGET_NAME)";
				SKIP_INSTALL = YES;
			};
			name = Release;
		};
/* End XCBuildConfiguration section */

/* Begin XCConfigurationList section */
		E22771B71AC55E4800A2D8B1 /* Build configuration list for PBXNativeTarget "osx" */ = {
			isa = XCConfigurationList;
			buildConfigurations = (
				E22771B81AC55E4800A2D8B1 /* Debug */,
				E22771B91AC55E4800A2D8B1 /* Release */,
			);
			defaultConfigurationIsVisible = 0;
			defaultConfigurationName = Release;
		};
		E2FC1FCF1921C4A400D38AEA /* Build configuration list for PBXProject "FSI" */ = {
			isa = XCConfigurationList;
			buildConfigurations = (
				E2FC1FF51921C4A400D38AEA /* Debug */,
				E2FC1FF61921C4A400D38AEA /* Release */,
			);
			defaultConfigurationIsVisible = 0;
			defaultConfigurationName = Release;
		};
		E2FC1FF71921C4A400D38AEA /* Build configuration list for PBXNativeTarget "ios" */ = {
			isa = XCConfigurationList;
			buildConfigurations = (
				E2FC1FF81921C4A400D38AEA /* Debug */,
				E2FC1FF91921C4A400D38AEA /* Release */,
			);
			defaultConfigurationIsVisible = 0;
			defaultConfigurationName = Release;
		};
/* End XCConfigurationList section */
	};
	rootObject = E2FC1FCC1921C4A400D38AEA /* Project object */;
}
